
Microsoft Visual Studio Solution File, Format Version 12.00
# Visual Studio Version 17
VisualStudioVersion = 17.4.33213.308
MinimumVisualStudioVersion = 10.0.40219.1
Project("{FAE04EC0-301F-11D3-BF4B-00C04F79EFBC}") = "FBLA", "FBLA.csproj", "{4D7CEC5C-BA9A-41A2-A50A-66D349B05332}"
EndProject
Global
	GlobalSection(SolutionConfigurationPlatforms) = preSolution
		Debug|Any CPU = Debug|Any CPU
		Release|Any CPU = Release|Any CPU
	EndGlobalSection
	GlobalSection(ProjectConfigurationPlatforms) = postSolution
		{4D7CEC5C-BA9A-41A2-A50A-66D349B05332}.Debug|Any CPU.ActiveCfg = Debug|Any CPU
		{4D7CEC5C-BA9A-41A2-A50A-66D349B05332}.Debug|Any CPU.Build.0 = Debug|Any CPU
		{4D7CEC5C-BA9A-41A2-A50A-66D349B05332}.Release|Any CPU.ActiveCfg = Release|Any CPU
		{4D7CEC5C-BA9A-41A2-A50A-66D349B05332}.Release|Any CPU.Build.0 = Release|Any CPU
	EndGlobalSection
	GlobalSection(SolutionProperties) = preSolution
		HideSolutionNode = FALSE
	EndGlobalSection
	GlobalSection(ExtensibilityGlobals) = postSolution
		SolutionGuid = {DCD1B1D0-2985-465C-A825-200241F41A36}
	EndGlobalSection
EndGlobal
